
Microsoft Visual Studio Solution File, Format Version 12.00
# Visual Studio Version 17
VisualStudioVersion = 17.0.32126.317
MinimumVisualStudioVersion = 10.0.40219.1
Project("{8BC9CEB8-8B4A-11D0-8D11-00A0C91BC942}") = "SortSubSequence", "SortSubSequence\SortSubSequence.vcxproj", "{03E73D3A-A286-4C25-A2A4-C249181147AA}"
EndProject
Global
	GlobalSection(SolutionConfigurationPlatforms) = preSolution
		Debug|x64 = Debug|x64
		Debug|x86 = Debug|x86
		Release|x64 = Release|x64
		Release|x86 = Release|x86
	EndGlobalSection
	GlobalSection(ProjectConfigurationPlatforms) = postSolution
		{03E73D3A-A286-4C25-A2A4-C249181147AA}.Debug|x64.ActiveCfg = Debug|x64
		{03E73D3A-A286-4C25-A2A4-C249181147AA}.Debug|x64.Build.0 = Debug|x64
		{03E73D3A-A286-4C25-A2A4-C249181147AA}.Debug|x86.ActiveCfg = Debug|Win32
		{03E73D3A-A286-4C25-A2A4-C249181147AA}.Debug|x86.Build.0 = Debug|Win32
		{03E73D3A-A286-4C25-A2A4-C249181147AA}.Release|x64.ActiveCfg = Release|x64
		{03E73D3A-A286-4C25-A2A4-C249181147AA}.Release|x64.Build.0 = Release|x64
		{03E73D3A-A286-4C25-A2A4-C249181147AA}.Release|x86.ActiveCfg = Release|Win32
		{03E73D3A-A286-4C25-A2A4-C249181147AA}.Release|x86.Build.0 = Release|Win32
	EndGlobalSection
	GlobalSection(SolutionProperties) = preSolution
		HideSolutionNode = FALSE
	EndGlobalSection
	GlobalSection(ExtensibilityGlobals) = postSolution
		SolutionGuid = {FA8DCC71-F1FE-49F8-9877-A1B1D777B883}
	EndGlobalSection
EndGlobal
